
Microsoft Visual Studio Solution File, Format Version 12.00
# Visual Studio Version 17
VisualStudioVersion = 17.11.35327.3
MinimumVisualStudioVersion = 10.0.40219.1
Project("{9A19103F-16F7-4668-BE54-9A1E7A4F7556}") = "1-ая ЛР", "1-ая ЛР.csproj", "{9CC683A8-EB9D-4799-8C85-ED37AD63485D}"
EndProject
Project("{FAE04EC0-301F-11D3-BF4B-00C04F79EFBC}") = "Part2", "..\Part2\Part2.csproj", "{59C44D78-B832-4566-BAA1-D7DB8CC6D1FE}"
EndProject
Project("{FAE04EC0-301F-11D3-BF4B-00C04F79EFBC}") = "Part3", "..\Part3\Part3.csproj", "{C62D6C31-79AB-44C9-84F2-3ED660A8F8F3}"
EndProject
Global
	GlobalSection(SolutionConfigurationPlatforms) = preSolution
		Debug|Any CPU = Debug|Any CPU
		Release|Any CPU = Release|Any CPU
	EndGlobalSection
	GlobalSection(ProjectConfigurationPlatforms) = postSolution
		{9CC683A8-EB9D-4799-8C85-ED37AD63485D}.Debug|Any CPU.ActiveCfg = Debug|Any CPU
		{9CC683A8-EB9D-4799-8C85-ED37AD63485D}.Debug|Any CPU.Build.0 = Debug|Any CPU
		{9CC683A8-EB9D-4799-8C85-ED37AD63485D}.Release|Any CPU.ActiveCfg = Release|Any CPU
		{9CC683A8-EB9D-4799-8C85-ED37AD63485D}.Release|Any CPU.Build.0 = Release|Any CPU
		{59C44D78-B832-4566-BAA1-D7DB8CC6D1FE}.Debug|Any CPU.ActiveCfg = Debug|Any CPU
		{59C44D78-B832-4566-BAA1-D7DB8CC6D1FE}.Debug|Any CPU.Build.0 = Debug|Any CPU
		{59C44D78-B832-4566-BAA1-D7DB8CC6D1FE}.Release|Any CPU.ActiveCfg = Release|Any CPU
		{59C44D78-B832-4566-BAA1-D7DB8CC6D1FE}.Release|Any CPU.Build.0 = Release|Any CPU
		{C62D6C31-79AB-44C9-84F2-3ED660A8F8F3}.Debug|Any CPU.ActiveCfg = Debug|Any CPU
		{C62D6C31-79AB-44C9-84F2-3ED660A8F8F3}.Debug|Any CPU.Build.0 = Debug|Any CPU
		{C62D6C31-79AB-44C9-84F2-3ED660A8F8F3}.Release|Any CPU.ActiveCfg = Release|Any CPU
		{C62D6C31-79AB-44C9-84F2-3ED660A8F8F3}.Release|Any CPU.Build.0 = Release|Any CPU
	EndGlobalSection
	GlobalSection(SolutionProperties) = preSolution
		HideSolutionNode = FALSE
	EndGlobalSection
	GlobalSection(ExtensibilityGlobals) = postSolution
		SolutionGuid = {347EE483-93C4-4AD7-B0D6-F53A1FD070D2}
	EndGlobalSection
EndGlobal
